
Microsoft Visual Studio Solution File, Format Version 12.00
# Visual Studio 14
VisualStudioVersion = 14.0.25420.1
MinimumVisualStudioVersion = 10.0.40219.1
Project("{FAE04EC0-301F-11D3-BF4B-00C04F79EFBC}") = "SampleConsoleApp", "SampleConsoleApp\SampleConsoleApp.csproj", "{12035307-9BAF-4A06-8E06-A9F8FFC1FFD4}"
EndProject
Project("{FAE04EC0-301F-11D3-BF4B-00C04F79EFBC}") = "Jc.Library", "Jc.Library\Jc.Library.csproj", "{F94E12F3-6F1E-45A2-A8E7-A504E989345E}"
EndProject
Project("{FAE04EC0-301F-11D3-BF4B-00C04F79EFBC}") = "Jc.UnitTest.Test", "Jc.UnitTest.Test\Jc.UnitTest.Test.csproj", "{5A1E29C4-55C3-4F72-B7F1-6280441EBC7D}"
EndProject
Project("{2150E333-8FDC-42A3-9474-1A3956D46DE8}") = "Shared Library", "Shared Library", "{FD5B1A46-3F7E-4A3A-9E54-6A809B9D5249}"
EndProject
Project("{2150E333-8FDC-42A3-9474-1A3956D46DE8}") = "Testing", "Testing", "{333ECA07-35C9-453E-AAF1-E3FC9287CFFE}"
EndProject
Project("{2150E333-8FDC-42A3-9474-1A3956D46DE8}") = "Program", "Program", "{4FD8783A-DAF6-47B0-A09E-0EA959F8B99F}"
EndProject
Project("{2150E333-8FDC-42A3-9474-1A3956D46DE8}") = "Application Domain", "Application Domain", "{21BA32F1-BC16-4100-976E-21521A3B2723}"
EndProject
Project("{FAE04EC0-301F-11D3-BF4B-00C04F79EFBC}") = "Jc.Configuration", "Jc.Configuration\Jc.Configuration.csproj", "{BEF72F76-9B2B-4829-9229-F57CF0AD7FB2}"
EndProject
Global
	GlobalSection(SolutionConfigurationPlatforms) = preSolution
		Debug|Any CPU = Debug|Any CPU
		Release|Any CPU = Release|Any CPU
	EndGlobalSection
	GlobalSection(ProjectConfigurationPlatforms) = postSolution
		{12035307-9BAF-4A06-8E06-A9F8FFC1FFD4}.Debug|Any CPU.ActiveCfg = Debug|Any CPU
		{12035307-9BAF-4A06-8E06-A9F8FFC1FFD4}.Debug|Any CPU.Build.0 = Debug|Any CPU
		{12035307-9BAF-4A06-8E06-A9F8FFC1FFD4}.Release|Any CPU.ActiveCfg = Release|Any CPU
		{12035307-9BAF-4A06-8E06-A9F8FFC1FFD4}.Release|Any CPU.Build.0 = Release|Any CPU
		{F94E12F3-6F1E-45A2-A8E7-A504E989345E}.Debug|Any CPU.ActiveCfg = Debug|Any CPU
		{F94E12F3-6F1E-45A2-A8E7-A504E989345E}.Debug|Any CPU.Build.0 = Debug|Any CPU
		{F94E12F3-6F1E-45A2-A8E7-A504E989345E}.Release|Any CPU.ActiveCfg = Release|Any CPU
		{F94E12F3-6F1E-45A2-A8E7-A504E989345E}.Release|Any CPU.Build.0 = Release|Any CPU
		{5A1E29C4-55C3-4F72-B7F1-6280441EBC7D}.Debug|Any CPU.ActiveCfg = Debug|Any CPU
		{5A1E29C4-55C3-4F72-B7F1-6280441EBC7D}.Debug|Any CPU.Build.0 = Debug|Any CPU
		{5A1E29C4-55C3-4F72-B7F1-6280441EBC7D}.Release|Any CPU.ActiveCfg = Release|Any CPU
		{5A1E29C4-55C3-4F72-B7F1-6280441EBC7D}.Release|Any CPU.Build.0 = Release|Any CPU
		{BEF72F76-9B2B-4829-9229-F57CF0AD7FB2}.Debug|Any CPU.ActiveCfg = Debug|Any CPU
		{BEF72F76-9B2B-4829-9229-F57CF0AD7FB2}.Debug|Any CPU.Build.0 = Debug|Any CPU
		{BEF72F76-9B2B-4829-9229-F57CF0AD7FB2}.Release|Any CPU.ActiveCfg = Release|Any CPU
		{BEF72F76-9B2B-4829-9229-F57CF0AD7FB2}.Release|Any CPU.Build.0 = Release|Any CPU
	EndGlobalSection
	GlobalSection(SolutionProperties) = preSolution
		HideSolutionNode = FALSE
	EndGlobalSection
	GlobalSection(NestedProjects) = preSolution
		{12035307-9BAF-4A06-8E06-A9F8FFC1FFD4} = {4FD8783A-DAF6-47B0-A09E-0EA959F8B99F}
		{F94E12F3-6F1E-45A2-A8E7-A504E989345E} = {FD5B1A46-3F7E-4A3A-9E54-6A809B9D5249}
		{5A1E29C4-55C3-4F72-B7F1-6280441EBC7D} = {333ECA07-35C9-453E-AAF1-E3FC9287CFFE}
		{BEF72F76-9B2B-4829-9229-F57CF0AD7FB2} = {21BA32F1-BC16-4100-976E-21521A3B2723}
	EndGlobalSection
EndGlobal
